{
  "name": "maptalks-demo",
  "version": "1.0.0",
  "lockfileVersion": 1,
  "requires": true,
  "dependencies": {
    "@maptalks/feature-filter": {
      "version": "1.0.0",
      "resolved": "https://repo.huaweicloud.com/repository/npm/@maptalks/feature-filter/-/feature-filter-1.0.0.tgz",
      "integrity": "sha512-JbEOtPGRrT6R8K4zFPEBUtcXNIzdVliK/X9OTmFt4GhEZU79TgnwElCb68GAcC+5c0TAHgY73KBdZPb6M9yaTg=="
    },
    "@maptalks/function-type": {
      "version": "1.2.3",
      "resolved": "https://repo.huaweicloud.com/repository/npm/@maptalks/function-type/-/function-type-1.2.3.tgz",
      "integrity": "sha512-q6i14qss+Y1bv5VzIvDFrsOGvWCih2p6LS2NcfgU7VrnjAlCRW1D6iVGDW2N9XCuJsXwg/9QJsTrqEIz6T7eUg=="
    },
    "frustum-intersects": {
      "version": "0.1.0",
      "resolved": "https://repo.huaweicloud.com/repository/npm/frustum-intersects/-/frustum-intersects-0.1.0.tgz",
      "integrity": "sha512-W0S6dmX5LJLtamimyuKhvbkpDTm5eVfMgk4X9yXNyWQ1zZ/cMm0PZoeX9Pm0tL302l+erQVrdfRGhV3ILfeTeQ=="
    },
    "maptalks": {
      "version": "0.49.4",
      "resolved": "https://repo.huaweicloud.com/repository/npm/maptalks/-/maptalks-0.49.4.tgz",
      "integrity": "sha512-Hbsw5P4p2iEKDDnORkKrY2tzbVtIwNJpGk6WEZPi20KAbqWhrh6h8vnosq4nQDblBizR8+cffFXr4UZ+Y2lC3w==",
      "requires": {
        "@maptalks/feature-filter": "^1.0.0",
        "@maptalks/function-type": "^1.2.3",
        "frustum-intersects": "^0.1.0",
        "simplify-js": "^1.2.1",
        "zousan": "^2.3.3"
      }
    },
    "simplify-js": {
      "version": "1.2.4",
      "resolved": "https://repo.huaweicloud.com/repository/npm/simplify-js/-/simplify-js-1.2.4.tgz",
      "integrity": "sha512-vITfSlwt7h/oyrU42R83mtzFpwYk3+mkH9bOHqq/Qw6n8rtR7aE3NZQ5fbcyCUVVmuMJR6ynsAhOfK2qoah8Jg=="
    },
    "zousan": {
      "version": "2.5.1",
      "resolved": "https://repo.huaweicloud.com/repository/npm/zousan/-/zousan-2.5.1.tgz",
      "integrity": "sha512-ZER+1EJNPHs9G3I6kTqhTmeqPjdU8XoaSIFzaUcSWmxcZBeXMuf5LM6Ih8LLNlQ46wg2Au+3ayn7KgjklVnOfA=="
    }
  }
}
